
Microsoft Visual Studio Solution File, Format Version 12.00
# Visual Studio Version 16
VisualStudioVersion = 16.0.30320.27
MinimumVisualStudioVersion = 10.0.40219.1
Project("{FAE04EC0-301F-11D3-BF4B-00C04F79EFBC}") = "PressReaderFetcher", "PressReaderFetcher\PressReaderFetcher.csproj", "{2213358C-CD0B-447A-9631-28B503C95727}"
EndProject
Global
	GlobalSection(SolutionConfigurationPlatforms) = preSolution
		Debug|Any CPU = Debug|Any CPU
		Release|Any CPU = Release|Any CPU
	EndGlobalSection
	GlobalSection(ProjectConfigurationPlatforms) = postSolution
		{2213358C-CD0B-447A-9631-28B503C95727}.Debug|Any CPU.ActiveCfg = Debug|Any CPU
		{2213358C-CD0B-447A-9631-28B503C95727}.Debug|Any CPU.Build.0 = Debug|Any CPU
		{2213358C-CD0B-447A-9631-28B503C95727}.Release|Any CPU.ActiveCfg = Release|Any CPU
		{2213358C-CD0B-447A-9631-28B503C95727}.Release|Any CPU.Build.0 = Release|Any CPU
	EndGlobalSection
	GlobalSection(SolutionProperties) = preSolution
		HideSolutionNode = FALSE
	EndGlobalSection
	GlobalSection(ExtensibilityGlobals) = postSolution
		SolutionGuid = {B7AB9A4C-9A32-4EF4-8C47-87214695186A}
	EndGlobalSection
EndGlobal
